// !$*UTF8*$!
{
	archiveVersion = 1;
	classes = {
	};
	objectVersion = 50;
	objects = {

/* Begin PBXBuildFile section */
		9F09B33424F75E1E00D1A020 /* WebKit.framework in Frameworks */ = {isa = PBXBuildFile; fileRef = 9F09B33324F75E1E00D1A020 /* WebKit.framework */; };
		9FEB881224CC4719005FEB7F /* AppDelegate.swift in Sources */ = {isa = PBXBuildFile; fileRef = 9FEB881124CC4719005FEB7F /* AppDelegate.swift */; };
		9FEB881424CC4719005FEB7F /* SceneDelegate.swift in Sources */ = {isa = PBXBuildFile; fileRef = 9FEB881324CC4719005FEB7F /* SceneDelegate.swift */; };
		9FEB881624CC4719005FEB7F /* MainViewController.swift in Sources */ = {isa = PBXBuildFile; fileRef = 9FEB881524CC4719005FEB7F /* MainViewController.swift */; };
		9FEB881924CC4719005FEB7F /* Main.storyboard in Resources */ = {isa = PBXBuildFile; fileRef = 9FEB881724CC4719005FEB7F /* Main.storyboard */; };
		9FEB881B24CC471A005FEB7F /* Assets.xcassets in Resources */ = {isa = PBXBuildFile; fileRef = 9FEB881A24CC471A005FEB7F /* Assets.xcassets */; };
		9FEB882824CC4A08005FEB7F /* LaunchScreen.storyboard in Resources */ = {isa = PBXBuildFile; fileRef = 9FEB882724CC4A08005FEB7F /* LaunchScreen.storyboard */; };
		9FEB882A24CC4A18005FEB7F /* LaunchScreenViewController.swift in Sources */ = {isa = PBXBuildFile; fileRef = 9FEB882924CC4A18005FEB7F /* LaunchScreenViewController.swift */; };
/* End PBXBuildFile section */

/* Begin PBXFileReference section */
		9F09B33324F75E1E00D1A020 /* WebKit.framework */ = {isa = PBXFileReference; lastKnownFileType = wrapper.framework; name = WebKit.framework; path = System/Library/Frameworks/WebKit.framework; sourceTree = SDKROOT; };
		9FEB880E24CC4719005FEB7F /* RoadRunner.app */ = {isa = PBXFileReference; explicitFileType = wrapper.application; includeInIndex = 0; path = RoadRunner.app; sourceTree = BUILT_PRODUCTS_DIR; };
		9FEB881124CC4719005FEB7F /* AppDelegate.swift */ = {isa = PBXFileReference; lastKnownFileType = sourcecode.swift; path = AppDelegate.swift; sourceTree = "<group>"; };
		9FEB881324CC4719005FEB7F /* SceneDelegate.swift */ = {isa = PBXFileReference; lastKnownFileType = sourcecode.swift; path = SceneDelegate.swift; sourceTree = "<group>"; };
		9FEB881524CC4719005FEB7F /* MainViewController.swift */ = {isa = PBXFileReference; lastKnownFileType = sourcecode.swift; path = MainViewController.swift; sourceTree = "<group>"; };
		9FEB881824CC4719005FEB7F /* Base */ = {isa = PBXFileReference; lastKnownFileType = file.storyboard; name = Base; path = Base.lproj/Main.storyboard; sourceTree = "<group>"; };
		9FEB881A24CC471A005FEB7F /* Assets.xcassets */ = {isa = PBXFileReference; lastKnownFileType = folder.assetcatalog; path = Assets.xcassets; sourceTree = "<group>"; };
		9FEB881F24CC471A005FEB7F /* Info.plist */ = {isa = PBXFileReference; lastKnownFileType = text.plist.xml; path = Info.plist; sourceTree = "<group>"; };
		9FEB882724CC4A08005FEB7F /* LaunchScreen.storyboard */ = {isa = PBXFileReference; lastKnownFileType = file.storyboard; path = LaunchScreen.storyboard; sourceTree = "<group>"; };
		9FEB882924CC4A18005FEB7F /* LaunchScreenViewController.swift */ = {isa = PBXFileReference; lastKnownFileType = sourcecode.swift; path = LaunchScreenViewController.swift; sourceTree = "<group>"; };
/* End PBXFileReference section */

/* Begin PBXFrameworksBuildPhase section */
		9FEB880B24CC4719005FEB7F /* Frameworks */ = {
			isa = PBXFrameworksBuildPhase;
			buildActionMask = 2147483647;
			files = (
				9F09B33424F75E1E00D1A020 /* WebKit.framework in Frameworks */,
			);
			runOnlyForDeploymentPostprocessing = 0;
		};
/* End PBXFrameworksBuildPhase section */

/* Begin PBXGroup section */
		9F09B33224F75E1E00D1A020 /* Frameworks */ = {
			isa = PBXGroup;
			children = (
				9F09B33324F75E1E00D1A020 /* WebKit.framework */,
			);
			name = Frameworks;
			sourceTree = "<group>";
		};
		9FEB880524CC4719005FEB7F = {
			isa = PBXGroup;
			children = (
				9FEB881024CC4719005FEB7F /* roadrunner */,
				9FEB880F24CC4719005FEB7F /* Products */,
				9F09B33224F75E1E00D1A020 /* Frameworks */,
			);
			sourceTree = "<group>";
		};
		9FEB880F24CC4719005FEB7F /* Products */ = {
			isa = PBXGroup;
			children = (
				9FEB880E24CC4719005FEB7F /* RoadRunner.app */,
			);
			name = Products;
			sourceTree = "<group>";
		};
		9FEB881024CC4719005FEB7F /* roadrunner */ = {
			isa = PBXGroup;
			children = (
				9FEB882524CC495C005FEB7F /* src */,
				9FEB881A24CC471A005FEB7F /* Assets.xcassets */,
				9FEB881F24CC471A005FEB7F /* Info.plist */,
			);
			path = roadrunner;
			sourceTree = "<group>";
		};
		9FEB882524CC495C005FEB7F /* src */ = {
			isa = PBXGroup;
			children = (
				9FEB881124CC4719005FEB7F /* AppDelegate.swift */,
				9FEB881324CC4719005FEB7F /* SceneDelegate.swift */,
				9FEB882B24CC4A75005FEB7F /* main */,
				9FEB882624CC49F1005FEB7F /* launchscreen */,
			);
			path = src;
			sourceTree = "<group>";
		};
		9FEB882624CC49F1005FEB7F /* launchscreen */ = {
			isa = PBXGroup;
			children = (
				9FEB882924CC4A18005FEB7F /* LaunchScreenViewController.swift */,
				9FEB882724CC4A08005FEB7F /* LaunchScreen.storyboard */,
			);
			path = launchscreen;
			sourceTree = "<group>";
		};
		9FEB882B24CC4A75005FEB7F /* main */ = {
			isa = PBXGroup;
			children = (
				9FEB881524CC4719005FEB7F /* MainViewController.swift */,
				9FEB881724CC4719005FEB7F /* Main.storyboard */,
			);
			path = main;
			sourceTree = "<group>";
		};
/* End PBXGroup section */

/* Begin PBXNativeTarget section */
		9FEB880D24CC4719005FEB7F /* roadrunner */ = {
			isa = PBXNativeTarget;
			buildConfigurationList = 9FEB882224CC471A005FEB7F /* Build configuration list for PBXNativeTarget "roadrunner" */;
			buildPhases = (
				9FEB880A24CC4719005FEB7F /* Sources */,
				9FEB880B24CC4719005FEB7F /* Frameworks */,
				9FEB880C24CC4719005FEB7F /* Resources */,
			);
			buildRules = (
			);
			dependencies = (
			);
			name = roadrunner;
			productName = roadrunner;
			productReference = 9FEB880E24CC4719005FEB7F /* RoadRunner.app */;
			productType = "com.apple.product-type.application";
		};
/* End PBXNativeTarget section */

/* Begin PBXProject section */
		9FEB880624CC4719005FEB7F /* Project object */ = {
			isa = PBXProject;
			attributes = {
				LastSwiftUpdateCheck = 1120;
				LastUpgradeCheck = 1120;
				ORGANIZATIONNAME = roadrunner;
				TargetAttributes = {
					9FEB880D24CC4719005FEB7F = {
						CreatedOnToolsVersion = 11.2.1;
					};
				};
			};
			buildConfigurationList = 9FEB880924CC4719005FEB7F /* Build configuration list for PBXProject "roadrunner" */;
			compatibilityVersion = "Xcode 9.3";
			developmentRegion = en;
			hasScannedForEncodings = 0;
			knownRegions = (
				en,
				Base,
			);
			mainGroup = 9FEB880524CC4719005FEB7F;
			productRefGroup = 9FEB880F24CC4719005FEB7F /* Products */;
			projectDirPath = "";
			projectRoot = "";
			targets = (
				9FEB880D24CC4719005FEB7F /* roadrunner */,
			);
		};
/* End PBXProject section */

/* Begin PBXResourcesBuildPhase section */
		9FEB880C24CC4719005FEB7F /* Resources */ = {
			isa = PBXResourcesBuildPhase;
			buildActionMask = 2147483647;
			files = (
				9FEB882824CC4A08005FEB7F /* LaunchScreen.storyboard in Resources */,
				9FEB881B24CC471A005FEB7F /* Assets.xcassets in Resources */,
				9FEB881924CC4719005FEB7F /* Main.storyboard in Resources */,
			);
			runOnlyForDeploymentPostprocessing = 0;
		};
/* End PBXResourcesBuildPhase section */

/* Begin PBXSourcesBuildPhase section */
		9FEB880A24CC4719005FEB7F /* Sources */ = {
			isa = PBXSourcesBuildPhase;
			buildActionMask = 2147483647;
			files = (
				9FEB881624CC4719005FEB7F /* MainViewController.swift in Sources */,
				9FEB881224CC4719005FEB7F /* AppDelegate.swift in Sources */,
				9FEB882A24CC4A18005FEB7F /* LaunchScreenViewController.swift in Sources */,
				9FEB881424CC4719005FEB7F /* SceneDelegate.swift in Sources */,
			);
			runOnlyForDeploymentPostprocessing = 0;
		};
/* End PBXSourcesBuildPhase section */

/* Begin PBXVariantGroup section */
		9FEB881724CC4719005FEB7F /* Main.storyboard */ = {
			isa = PBXVariantGroup;
			children = (
				9FEB881824CC4719005FEB7F /* Base */,
			);
			name = Main.storyboard;
			sourceTree = "<group>";
		};
/* End PBXVariantGroup section */

/* Begin XCBuildConfiguration section */
		9FEB882024CC471A005FEB7F /* Debug */ = {
			isa = XCBuildConfiguration;
			buildSettings = {
				ALWAYS_SEARCH_USER_PATHS = NO;
				CLANG_ANALYZER_NONNULL = YES;
				CLANG_ANALYZER_NUMBER_OBJECT_CONVERSION = YES_AGGRESSIVE;
				CLANG_CXX_LANGUAGE_STANDARD = "gnu++14";
				CLANG_CXX_LIBRARY = "libc++";
				CLANG_ENABLE_MODULES = YES;
				CLANG_ENABLE_OBJC_ARC = YES;
				CLANG_ENABLE_OBJC_WEAK = YES;
				CLANG_WARN_BLOCK_CAPTURE_AUTORELEASING = YES;
				CLANG_WARN_BOOL_CONVERSION = YES;
				CLANG_WARN_COMMA = YES;
				CLANG_WARN_CONSTANT_CONVERSION = YES;
				CLANG_WARN_DEPRECATED_OBJC_IMPLEMENTATIONS = YES;
				CLANG_WARN_DIRECT_OBJC_ISA_USAGE = YES_ERROR;
				CLANG_WARN_DOCUMENTATION_COMMENTS = YES;
				CLANG_WARN_EMPTY_BODY = YES;
				CLANG_WARN_ENUM_CONVERSION = YES;
				CLANG_WARN_INFINITE_RECURSION = YES;
				CLANG_WARN_INT_CONVERSION = YES;
				CLANG_WARN_NON_LITERAL_NULL_CONVERSION = YES;
				CLANG_WARN_OBJC_IMPLICIT_RETAIN_SELF = YES;
				CLANG_WARN_OBJC_LITERAL_CONVERSION = YES;
				CLANG_WARN_OBJC_ROOT_CLASS = YES_ERROR;
				CLANG_WARN_RANGE_LOOP_ANALYSIS = YES;
				CLANG_WARN_STRICT_PROTOTYPES = YES;
				CLANG_WARN_SUSPICIOUS_MOVE = YES;
				CLANG_WARN_UNGUARDED_AVAILABILITY = YES_AGGRESSIVE;
				CLANG_WARN_UNREACHABLE_CODE = YES;
				CLANG_WARN__DUPLICATE_METHOD_MATCH = YES;
				COPY_PHASE_STRIP = NO;
				DEBUG_INFORMATION_FORMAT = dwarf;
				ENABLE_STRICT_OBJC_MSGSEND = YES;
				ENABLE_TESTABILITY = YES;
				GCC_C_LANGUAGE_STANDARD = gnu11;
				GCC_DYNAMIC_NO_PIC = NO;
				GCC_NO_COMMON_BLOCKS = YES;
				GCC_OPTIMIZATION_LEVEL = 0;
				GCC_PREPROCESSOR_DEFINITIONS = (
					"DEBUG=1",
					"$(inherited)",
				);
				GCC_WARN_64_TO_32_BIT_CONVERSION = YES;
				GCC_WARN_ABOUT_RETURN_TYPE = YES_ERROR;
				GCC_WARN_UNDECLARED_SELECTOR = YES;
				GCC_WARN_UNINITIALIZED_AUTOS = YES_AGGRESSIVE;
				GCC_WARN_UNUSED_FUNCTION = YES;
				GCC_WARN_UNUSED_VARIABLE = YES;
				IPHONEOS_DEPLOYMENT_TARGET = 13.2;
				MTL_ENABLE_DEBUG_INFO = INCLUDE_SOURCE;
				MTL_FAST_MATH = YES;
				ONLY_ACTIVE_ARCH = YES;
				SDKROOT = iphoneos;
				SWIFT_ACTIVE_COMPILATION_CONDITIONS = DEBUG;
				SWIFT_OPTIMIZATION_LEVEL = "-Onone";
			};
			name = Debug;
		};
		9FEB882124CC471A005FEB7F /* Release */ = {
			isa = XCBuildConfiguration;
			buildSettings = {
				ALWAYS_SEARCH_USER_PATHS = NO;
				CLANG_ANALYZER_NONNULL = YES;
				CLANG_ANALYZER_NUMBER_OBJECT_CONVERSION = YES_AGGRESSIVE;
				CLANG_CXX_LANGUAGE_STANDARD = "gnu++14";
				CLANG_CXX_LIBRARY = "libc++";
				CLANG_ENABLE_MODULES = YES;
				CLANG_ENABLE_OBJC_ARC = YES;
				CLANG_ENABLE_OBJC_WEAK = YES;
				CLANG_WARN_BLOCK_CAPTURE_AUTORELEASING = YES;
				CLANG_WARN_BOOL_CONVERSION = YES;
				CLANG_WARN_COMMA = YES;
				CLANG_WARN_CONSTANT_CONVERSION = YES;
				CLANG_WARN_DEPRECATED_OBJC_IMPLEMENTATIONS = YES;
				CLANG_WARN_DIRECT_OBJC_ISA_USAGE = YES_ERROR;
				CLANG_WARN_DOCUMENTATION_COMMENTS = YES;
				CLANG_WARN_EMPTY_BODY = YES;
				CLANG_WARN_ENUM_CONVERSION = YES;
				CLANG_WARN_INFINITE_RECURSION = YES;
				CLANG_WARN_INT_CONVERSION = YES;
				CLANG_WARN_NON_LITERAL_NULL_CONVERSION = YES;
				CLANG_WARN_OBJC_IMPLICIT_RETAIN_SELF = YES;
				CLANG_WARN_OBJC_LITERAL_CONVERSION = YES;
				CLANG_WARN_OBJC_ROOT_CLASS = YES_ERROR;
				CLANG_WARN_RANGE_LOOP_ANALYSIS = YES;
				CLANG_WARN_STRICT_PROTOTYPES = YES;
				CLANG_WARN_SUSPICIOUS_MOVE = YES;
				CLANG_WARN_UNGUARDED_AVAILABILITY = YES_AGGRESSIVE;
				CLANG_WARN_UNREACHABLE_CODE = YES;
				CLANG_WARN__DUPLICATE_METHOD_MATCH = YES;
				COPY_PHASE_STRIP = NO;
				DEBUG_INFORMATION_FORMAT = "dwarf-with-dsym";
				ENABLE_NS_ASSERTIONS = NO;
				ENABLE_STRICT_OBJC_MSGSEND = YES;
				GCC_C_LANGUAGE_STANDARD = gnu11;
				GCC_NO_COMMON_BLOCKS = YES;
				GCC_WARN_64_TO_32_BIT_CONVERSION = YES;
				GCC_WARN_ABOUT_RETURN_TYPE = YES_ERROR;
				GCC_WARN_UNDECLARED_SELECTOR = YES;
				GCC_WARN_UNINITIALIZED_AUTOS = YES_AGGRESSIVE;
				GCC_WARN_UNUSED_FUNCTION = YES;
				GCC_WARN_UNUSED_VARIABLE = YES;
				IPHONEOS_DEPLOYMENT_TARGET = 13.2;
				MTL_ENABLE_DEBUG_INFO = NO;
				MTL_FAST_MATH = YES;
				SDKROOT = iphoneos;
				SWIFT_COMPILATION_MODE = wholemodule;
				SWIFT_OPTIMIZATION_LEVEL = "-O";
				VALIDATE_PRODUCT = YES;
			};
			name = Release;
		};
		9FEB882324CC471A005FEB7F /* Debug */ = {
			isa = XCBuildConfiguration;
			buildSettings = {
				ASSETCATALOG_COMPILER_APPICON_NAME = AppIcon;
				CODE_SIGN_STYLE = Automatic;
				CURRENT_PROJECT_VERSION = 2;
				DEVELOPMENT_TEAM = 7QDP95V66K;
				INFOPLIST_FILE = roadrunner/Info.plist;
				IPHONEOS_DEPLOYMENT_TARGET = 13.0;
				LD_RUNPATH_SEARCH_PATHS = (
					"$(inherited)",
					"@executable_path/Frameworks",
				);
				PRODUCT_BUNDLE_IDENTIFIER = com.roadrunnerteam.roadrunner;
				PRODUCT_NAME = RoadRunner;
				SWIFT_VERSION = 5.0;
				TARGETED_DEVICE_FAMILY = 1;
			};
			name = Debug;
		};
		9FEB882424CC471A005FEB7F /* Release */ = {
			isa = XCBuildConfiguration;
			buildSettings = {
				ASSETCATALOG_COMPILER_APPICON_NAME = AppIcon;
				CODE_SIGN_STYLE = Automatic;
				CURRENT_PROJECT_VERSION = 2;
				DEVELOPMENT_TEAM = 7QDP95V66K;
				INFOPLIST_FILE = roadrunner/Info.plist;
				IPHONEOS_DEPLOYMENT_TARGET = 13.0;
				LD_RUNPATH_SEARCH_PATHS = (
					"$(inherited)",
					"@executable_path/Frameworks",
				);
				PRODUCT_BUNDLE_IDENTIFIER = com.roadrunnerteam.roadrunner;
				PRODUCT_NAME = RoadRunner;
				SWIFT_VERSION = 5.0;
				TARGETED_DEVICE_FAMILY = 1;
			};
			name = Release;
		};
/* End XCBuildConfiguration section */

/* Begin XCConfigurationList section */
		9FEB880924CC4719005FEB7F /* Build configuration list for PBXProject "roadrunner" */ = {
			isa = XCConfigurationList;
			buildConfigurations = (
				9FEB882024CC471A005FEB7F /* Debug */,
				9FEB882124CC471A005FEB7F /* Release */,
			);
			defaultConfigurationIsVisible = 0;
			defaultConfigurationName = Release;
		};
		9FEB882224CC471A005FEB7F /* Build configuration list for PBXNativeTarget "roadrunner" */ = {
			isa = XCConfigurationList;
			buildConfigurations = (
				9FEB882324CC471A005FEB7F /* Debug */,
				9FEB882424CC471A005FEB7F /* Release */,
			);
			defaultConfigurationIsVisible = 0;
			defaultConfigurationName = Release;
		};
/* End XCConfigurationList section */
	};
	rootObject = 9FEB880624CC4719005FEB7F /* Project object */;
}
